
Microsoft Visual Studio Solution File, Format Version 12.00
# Visual Studio 2013
VisualStudioVersion = 12.0.21005.1
MinimumVisualStudioVersion = 10.0.40219.1
Project("{FAE04EC0-301F-11D3-BF4B-00C04F79EFBC}") = "WpfApplication1", "WpfApplication1\WpfApplication1.csproj", "{4BCA5641-6623-4F79-A8BA-B0DA2B17B4DE}"
EndProject
Global
	GlobalSection(SolutionConfigurationPlatforms) = preSolution
		Debug|Any CPU = Debug|Any CPU
		Release|Any CPU = Release|Any CPU
	EndGlobalSection
	GlobalSection(ProjectConfigurationPlatforms) = postSolution
		{4BCA5641-6623-4F79-A8BA-B0DA2B17B4DE}.Debug|Any CPU.ActiveCfg = Debug|Any CPU
		{4BCA5641-6623-4F79-A8BA-B0DA2B17B4DE}.Debug|Any CPU.Build.0 = Debug|Any CPU
		{4BCA5641-6623-4F79-A8BA-B0DA2B17B4DE}.Release|Any CPU.ActiveCfg = Release|Any CPU
		{4BCA5641-6623-4F79-A8BA-B0DA2B17B4DE}.Release|Any CPU.Build.0 = Release|Any CPU
	EndGlobalSection
	GlobalSection(SolutionProperties) = preSolution
		HideSolutionNode = FALSE
	EndGlobalSection
EndGlobal
